<?xml version="1.0" encoding="utf-8"?>
<Project ToolsVersion="4.0" xmlns="http://schemas.microsoft.com/developer/msbuild/2003">
  <ItemGroup>
    <Filter Include="win32">
      <UniqueIdentifier>{84a8ebd7-7cf0-47f6-b75e-d441df67da40}</UniqueIdentifier>
    </Filter>
    <Filter Include="resource">
      <UniqueIdentifier>{715254bc-d70b-4ec5-bf29-467dd3ace079}</UniqueIdentifier>
    </Filter>
    <Filter Include="src">
      <UniqueIdentifier>{bb6c862e-70e9-49d9-81b7-3829a6f50471}</UniqueIdentifier>
    </Filter>
    <Filter Include="Views">
      <UniqueIdentifier>{f74156b7-6b77-4de5-9f41-b275329a7348}</UniqueIdentifier>
    </Filter>
    <Filter Include="Models">
      <UniqueIdentifier>{d8d055d0-6f5f-4f60-93f9-7d03a9080fe4}</UniqueIdentifier>
    </Filter>
    <Filter Include="Controllers">
      <UniqueIdentifier>{e17a89f5-21a7-49e3-b9fe-5ebd712067ef}</UniqueIdentifier>
    </Filter>
    <Filter Include="CocosStartClasses">
      <UniqueIdentifier>{ce3e45ee-210b-495c-9107-38af0cd72c05}</UniqueIdentifier>
    </Filter>
    <Filter Include="Singletons">
      <UniqueIdentifier>{b8b344ce-3e2f-41df-a988-254394f68476}</UniqueIdentifier>
    </Filter>
    <Filter Include="Constants">
      <UniqueIdentifier>{51d90541-23ee-4391-aea4-56662411e0e5}</UniqueIdentifier>
    </Filter>
    <Filter Include="Factories">
      <UniqueIdentifier>{a3dbe40b-7841-4f54-b24e-9eb2e4782d82}</UniqueIdentifier>
    </Filter>
    <Filter Include="EventSystem">
      <UniqueIdentifier>{9ca80150-17e2-4522-8cf6-7bad9c94e314}</UniqueIdentifier>
    </Filter>
    <Filter Include="Models\GameLogic">
      <UniqueIdentifier>{46bdaa44-2361-4f5b-8724-7249d3cd8136}</UniqueIdentifier>
    </Filter>
    <Filter Include="Models\GameLogic\Systems">
      <UniqueIdentifier>{c9179ce4-693b-4139-8c63-4e36dd3f1875}</UniqueIdentifier>
    </Filter>
    <Filter Include="Models\VictoryConditions">
      <UniqueIdentifier>{c88f58fa-d68e-4760-be47-93dcdc51df03}</UniqueIdentifier>
    </Filter>
    <Filter Include="Models\Spells">
      <UniqueIdentifier>{aaa58bf2-39dc-47d0-92e6-4fa8c7783f2a}</UniqueIdentifier>
    </Filter>
    <Filter Include="Models\GameEvents">
      <UniqueIdentifier>{8daf41ff-e804-4cf2-a96e-6984f76f4347}</UniqueIdentifier>
    </Filter>
    <Filter Include="Factories\ScenesFactories">
      <UniqueIdentifier>{911dcd74-afde-4e96-9480-bedc7cb33206}</UniqueIdentifier>
    </Filter>
    <Filter Include="SupportedFiles">
      <UniqueIdentifier>{f3ea7cf3-0d7b-4e4e-a20c-04a9b9da7045}</UniqueIdentifier>
    </Filter>
    <Filter Include="Models\ViewsDataSources">
      <UniqueIdentifier>{41e76297-0b62-42b0-a304-553b5cc314ab}</UniqueIdentifier>
    </Filter>
    <Filter Include="Models\AIStrateges">
      <UniqueIdentifier>{9bd97b0e-b767-461a-a9db-11a7e0692470}</UniqueIdentifier>
    </Filter>
    <Filter Include="Models\DataSources">
      <UniqueIdentifier>{f953f722-12f6-417e-abe7-3964b7904aac}</UniqueIdentifier>
    </Filter>
    <Filter Include="Observers">
      <UniqueIdentifier>{08d3357f-e85e-4416-9113-67c65f1ec3ba}</UniqueIdentifier>
    </Filter>
    <Filter Include="Controllers\ViewControllers">
      <UniqueIdentifier>{548331d5-1833-4e4d-9269-981f7ce4ef07}</UniqueIdentifier>
    </Filter>
    <Filter Include="Models\GameLogic\TetraminosCombinations">
      <UniqueIdentifier>{755be405-5d25-4912-9675-2d1a480fab85}</UniqueIdentifier>
    </Filter>
    <Filter Include="Controllers\Loaders">
      <UniqueIdentifier>{0244c3e7-cd6c-4e29-b379-48725c5c306a}</UniqueIdentifier>
    </Filter>
    <Filter Include="Controllers\ViewControllers\PopUps">
      <UniqueIdentifier>{06a801be-e3fd-4adc-986f-a94536a09c8b}</UniqueIdentifier>
    </Filter>
    <Filter Include="Controllers\ViewControllers\Regulators">
      <UniqueIdentifier>{797c4b9e-f46b-4d4f-a321-5b16030d6c64}</UniqueIdentifier>
    </Filter>
    <Filter Include="Controllers\ViewControllers\PlayerActionsControllers">
      <UniqueIdentifier>{7d84fbf8-bcc1-446e-adac-be9ed28ece3f}</UniqueIdentifier>
    </Filter>
    <Filter Include="Controllers\ViewControllers\AnimationControllers">
      <UniqueIdentifier>{34e66d98-f3b9-456c-a1f7-245d6ee646ee}</UniqueIdentifier>
    </Filter>
    <Filter Include="Models\GameLogic\Systems\GameBoard">
      <UniqueIdentifier>{5f9502a4-ceec-4750-b3c5-f64a61613936}</UniqueIdentifier>
    </Filter>
    <Filter Include="Models\Bosses">
      <UniqueIdentifier>{fbffd790-c664-47ca-be98-2ff61a8174c6}</UniqueIdentifier>
    </Filter>
  </ItemGroup>
  <ItemGroup>
    <ClCompile Include="main.cpp">
      <Filter>win32</Filter>
    </ClCompile>
    <ClCompile Include="..\Classes\AppDelegate.cpp">
      <Filter>CocosStartClasses</Filter>
    </ClCompile>
    <ClCompile Include="..\Classes\HelloWorldScene.cpp">
      <Filter>CocosStartClasses</Filter>
    </ClCompile>
    <ClCompile Include="SceneGraphFactory.cpp">
      <Filter>Factories</Filter>
    </ClCompile>
    <ClCompile Include="EventDispatcher.cpp">
      <Filter>EventSystem</Filter>
    </ClCompile>
    <ClCompile Include="GameEventsFactory.cpp">
      <Filter>Factories</Filter>
    </ClCompile>
    <ClCompile Include="SpellsFactory.cpp">
      <Filter>Factories</Filter>
    </ClCompile>
    <ClCompile Include="TetrominosFactory.cpp">
      <Filter>Factories</Filter>
    </ClCompile>
    <ClCompile Include="GameDataFactory.cpp">
      <Filter>Factories</Filter>
    </ClCompile>
    <ClCompile Include="ActiveDetails.cpp">
      <Filter>Models\GameLogic</Filter>
    </ClCompile>
    <ClCompile Include="AiSystem.cpp">
      <Filter>Models\GameLogic\Systems</Filter>
    </ClCompile>
    <ClCompile Include="CollisionSystem.cpp">
      <Filter>Models\GameLogic\Systems</Filter>
    </ClCompile>
    <ClCompile Include="GameSystemInterface.cpp">
      <Filter>Models\GameLogic\Systems</Filter>
    </ClCompile>
    <ClCompile Include="MoveSystem.cpp">
      <Filter>Models\GameLogic\Systems</Filter>
    </ClCompile>
    <ClCompile Include="GameEventInterface.cpp">
      <Filter>Models\GameEvents</Filter>
    </ClCompile>
    <ClCompile Include="DevelopersSceneFactory.cpp">
      <Filter>Factories\ScenesFactories</Filter>
    </ClCompile>
    <ClCompile Include="GameRecordsSceneFactory.cpp">
      <Filter>Factories\ScenesFactories</Filter>
    </ClCompile>
    <ClCompile Include="GameControllViewDataSource.cpp">
      <Filter>Models\ViewsDataSources</Filter>
    </ClCompile>
    <ClCompile Include="EndGameViewDataSource.cpp">
      <Filter>Models\ViewsDataSources</Filter>
    </ClCompile>
    <ClCompile Include="AIStrategyInterface.cpp">
      <Filter>Models\AIStrateges</Filter>
    </ClCompile>
    <ClCompile Include="BossesFactory.cpp">
      <Filter>Factories</Filter>
    </ClCompile>
    <ClCompile Include="TimeAccelerationEvent.cpp">
      <Filter>Models\GameEvents</Filter>
    </ClCompile>
    <ClCompile Include="VictoryConditionsFactory.cpp">
      <Filter>Factories</Filter>
    </ClCompile>
    <ClCompile Include="PlaceSomeDetailsCondition.cpp">
      <Filter>Models\VictoryConditions</Filter>
    </ClCompile>
    <ClCompile Include="RemainSomeTimeCondition.cpp">
      <Filter>Models\VictoryConditions</Filter>
    </ClCompile>
    <ClCompile Include="RemoveSomeTetraminosCondition.cpp">
      <Filter>Models\VictoryConditions</Filter>
    </ClCompile>
    <ClCompile Include="CurrentBossDataSource.cpp">
      <Filter>Models\DataSources</Filter>
    </ClCompile>
    <ClCompile Include="CurrentGameEventsDataSource.cpp">
      <Filter>Models\DataSources</Filter>
    </ClCompile>
    <ClCompile Include="CurrentLevelAwardDataSource.cpp">
      <Filter>Models\DataSources</Filter>
    </ClCompile>
    <ClCompile Include="CurrentLevelWinResultDataSource.cpp">
      <Filter>Models\DataSources</Filter>
    </ClCompile>
    <ClCompile Include="DevelopersDataSource.cpp">
      <Filter>Models\DataSources</Filter>
    </ClCompile>
    <ClCompile Include="GamePlayersDatabase.cpp">
      <Filter>Models\DataSources</Filter>
    </ClCompile>
    <ClCompile Include="NewGameTetraminoDataSource.cpp">
      <Filter>Models\DataSources</Filter>
    </ClCompile>
    <ClCompile Include="PlayerScoreDataSource.cpp">
      <Filter>Models\DataSources</Filter>
    </ClCompile>
    <ClCompile Include="PlayerSelectionDataSource.cpp">
      <Filter>Models\DataSources</Filter>
    </ClCompile>
    <ClCompile Include="RecordsDataSource.cpp">
      <Filter>Models\DataSources</Filter>
    </ClCompile>
    <ClCompile Include="TetraminosCharacteristicsDataSource.cpp">
      <Filter>Models\DataSources</Filter>
    </ClCompile>
    <ClCompile Include="WinGamesDataSource.cpp">
      <Filter>Models\DataSources</Filter>
    </ClCompile>
    <ClCompile Include="RemovingDeadTetraminosSystem.cpp">
      <Filter>Models\GameLogic\Systems</Filter>
    </ClCompile>
    <ClCompile Include="PlayerInputController.cpp">
      <Filter>Controllers\ViewControllers</Filter>
    </ClCompile>
    <ClCompile Include="GameTransitionsController.cpp">
      <Filter>Controllers</Filter>
    </ClCompile>
    <ClCompile Include="EndGameController.cpp">
      <Filter>Controllers\ViewControllers</Filter>
    </ClCompile>
    <ClCompile Include="PlayerSelectionObserver.cpp">
      <Filter>Observers</Filter>
    </ClCompile>
    <ClCompile Include="CurrentLevelDataSourceObserver.cpp">
      <Filter>Observers</Filter>
    </ClCompile>
    <ClCompile Include="..\Classes\CocosViewConfigurator.cpp">
      <Filter>CocosStartClasses</Filter>
    </ClCompile>
    <ClCompile Include="..\Classes\GameInitiator.cpp">
      <Filter>Controllers</Filter>
    </ClCompile>
    <ClCompile Include="..\Classes\GameViewElementsDataSource.cpp">
      <Filter>Models\ViewsDataSources</Filter>
    </ClCompile>
    <ClCompile Include="..\Classes\ScenesFactory.cpp">
      <Filter>Factories\ScenesFactories</Filter>
    </ClCompile>
    <ClCompile Include="..\Classes\ScenesTransitionsFactory.cpp">
      <Filter>Factories</Filter>
    </ClCompile>
    <ClCompile Include="..\Classes\GameTransitionsViewController.cpp">
      <Filter>Controllers\ViewControllers</Filter>
    </ClCompile>
    <ClCompile Include="..\Classes\GameGraphicsLoader.cpp">
      <Filter>Controllers\Loaders</Filter>
    </ClCompile>
    <ClCompile Include="..\Classes\ServiceLocator.cpp">
      <Filter>Singletons</Filter>
    </ClCompile>
    <ClCompile Include="..\Classes\ServiceInterface.cpp">
      <Filter>Singletons</Filter>
    </ClCompile>
    <ClCompile Include="..\Classes\GameViewInformationFactory.cpp">
      <Filter>Factories</Filter>
    </ClCompile>
    <ClCompile Include="..\Classes\GameFileExtensionMaker.cpp">
      <Filter>SupportedFiles</Filter>
    </ClCompile>
    <ClCompile Include="..\Classes\GameGraphicsDataSource.cpp">
      <Filter>Models\DataSources</Filter>
    </ClCompile>
    <ClCompile Include="..\Classes\SceneFactory.cpp">
      <Filter>Factories\ScenesFactories</Filter>
    </ClCompile>
    <ClCompile Include="..\Classes\LoadingGameSceneFactory.cpp">
      <Filter>Factories\ScenesFactories</Filter>
    </ClCompile>
    <ClCompile Include="..\Classes\LoadGameController.cpp">
      <Filter>Controllers\ViewControllers</Filter>
    </ClCompile>
    <ClCompile Include="..\Classes\ResourcesLoader.cpp">
      <Filter>Controllers\Loaders</Filter>
    </ClCompile>
    <ClCompile Include="..\Classes\GameSoundDataSource.cpp">
      <Filter>Models\DataSources</Filter>
    </ClCompile>
    <ClCompile Include="..\Classes\GameDataLoader.cpp">
      <Filter>Controllers\Loaders</Filter>
    </ClCompile>
    <ClCompile Include="..\Classes\GameSoundLoader.cpp">
      <Filter>Controllers\Loaders</Filter>
    </ClCompile>
    <ClCompile Include="..\Classes\GameLogicLoader.cpp">
      <Filter>Controllers\Loaders</Filter>
    </ClCompile>
    <ClCompile Include="..\Classes\CocosNodesHelper.cpp">
      <Filter>SupportedFiles</Filter>
    </ClCompile>
    <ClCompile Include="..\Classes\StartGameAnimationController.cpp">
      <Filter>Controllers\ViewControllers</Filter>
    </ClCompile>
    <ClCompile Include="..\Classes\StartGameSceneFactory.cpp">
      <Filter>Factories\ScenesFactories</Filter>
    </ClCompile>
    <ClCompile Include="..\Classes\CurrentPlayerDataSource.cpp">
      <Filter>Models\DataSources</Filter>
    </ClCompile>
    <ClCompile Include="..\Classes\GameStatesHelper.cpp">
      <Filter>SupportedFiles</Filter>
    </ClCompile>
    <ClCompile Include="..\Classes\GamePopUpsController.cpp">
      <Filter>Controllers</Filter>
    </ClCompile>
    <ClCompile Include="..\Classes\StartGameMenuDataSource.cpp">
      <Filter>Models\ViewsDataSources</Filter>
    </ClCompile>
    <ClCompile Include="..\Classes\StartGameMenuController.cpp">
      <Filter>Controllers\ViewControllers</Filter>
    </ClCompile>
    <ClCompile Include="..\Classes\GameViewStyleHelper.cpp">
      <Filter>SupportedFiles</Filter>
    </ClCompile>
    <ClCompile Include="..\Classes\GameElementsDataHelper.cpp">
      <Filter>SupportedFiles</Filter>
    </ClCompile>
    <ClCompile Include="..\Classes\ScreenPopUp.cpp">
      <Filter>Controllers\ViewControllers\PopUps</Filter>
    </ClCompile>
    <ClCompile Include="..\Classes\RegulateSoundPopUp.cpp">
      <Filter>Controllers\ViewControllers\PopUps</Filter>
    </ClCompile>
    <ClCompile Include="..\Classes\GameBackgroundSoundRegulator.cpp">
      <Filter>Controllers\ViewControllers\Regulators</Filter>
    </ClCompile>
    <ClCompile Include="..\Classes\GameSoundEffectsRegulator.cpp">
      <Filter>Controllers\ViewControllers\Regulators</Filter>
    </ClCompile>
    <ClCompile Include="..\Classes\SelectGameLevelSceneFactory.cpp">
      <Filter>Factories\ScenesFactories</Filter>
    </ClCompile>
    <ClCompile Include="..\Classes\SelectGameLevelController.cpp">
      <Filter>Controllers\ViewControllers</Filter>
    </ClCompile>
    <ClCompile Include="..\Classes\GameLevelsMenuDataSource.cpp">
      <Filter>Models\ViewsDataSources</Filter>
    </ClCompile>
    <ClCompile Include="..\Classes\GameLevelsDataSource.cpp">
      <Filter>Models\DataSources</Filter>
    </ClCompile>
    <ClCompile Include="..\Classes\GameKeyWithSuffixSupporter.cpp">
      <Filter>SupportedFiles</Filter>
    </ClCompile>
    <ClCompile Include="..\Classes\SelectLevelPlayerStatusController.cpp">
      <Filter>Controllers\ViewControllers</Filter>
    </ClCompile>
    <ClCompile Include="..\Classes\PlayerStatusDataSource.cpp">
      <Filter>Models\ViewsDataSources</Filter>
    </ClCompile>
    <ClCompile Include="..\Classes\StringsSupporter.cpp">
      <Filter>SupportedFiles</Filter>
    </ClCompile>
    <ClCompile Include="..\Classes\PlayerStatusDelegateInterface.cpp">
      <Filter>Controllers\ViewControllers</Filter>
    </ClCompile>
    <ClCompile Include="..\Classes\PlayerCreatorController.cpp">
      <Filter>Controllers\ViewControllers</Filter>
    </ClCompile>
    <ClCompile Include="..\Classes\MainGameSceneFactory.cpp">
      <Filter>Factories\ScenesFactories</Filter>
    </ClCompile>
    <ClCompile Include="..\Classes\LoadingGameDataSource.cpp">
      <Filter>Models\ViewsDataSources</Filter>
    </ClCompile>
    <ClCompile Include="..\Classes\GameWorldController.cpp">
      <Filter>Controllers\ViewControllers</Filter>
    </ClCompile>
    <ClCompile Include="..\Classes\GameBoardController.cpp">
      <Filter>Controllers\ViewControllers</Filter>
    </ClCompile>
    <ClCompile Include="..\Classes\GameWorldBackgroundController.cpp">
      <Filter>Controllers\ViewControllers</Filter>
    </ClCompile>
    <ClCompile Include="..\Classes\MainGameBackgroundDataSource.cpp">
      <Filter>Models\ViewsDataSources</Filter>
    </ClCompile>
    <ClCompile Include="..\Classes\GameBoardViewDataSource.cpp">
      <Filter>Models\ViewsDataSources</Filter>
    </ClCompile>
    <ClCompile Include="..\Classes\GameBoard.cpp">
      <Filter>Models\GameLogic\Systems\GameBoard</Filter>
    </ClCompile>
    <ClCompile Include="..\Classes\KeysForEnumsDataSource.cpp">
      <Filter>Models\DataSources</Filter>
    </ClCompile>
    <ClCompile Include="..\Classes\Tetramino.cpp">
      <Filter>Models\GameLogic</Filter>
    </ClCompile>
    <ClCompile Include="..\Classes\GameBoardObserverInterface.cpp">
      <Filter>Observers</Filter>
    </ClCompile>
    <ClCompile Include="..\Classes\TetraminosPositionsDelegate.cpp">
      <Filter>Models\GameLogic\Systems\GameBoard</Filter>
    </ClCompile>
    <ClCompile Include="..\Classes\TetraminoObserverInterface.cpp">
      <Filter>Observers</Filter>
    </ClCompile>
    <ClCompile Include="..\Classes\GameTimeStepController.cpp">
      <Filter>Controllers</Filter>
    </ClCompile>
    <ClCompile Include="..\Classes\GameSystemInterface.cpp">
      <Filter>Models\GameLogic\Systems</Filter>
    </ClCompile>
    <ClCompile Include="..\Classes\CurrentDetailController.cpp">
      <Filter>Controllers</Filter>
    </ClCompile>
    <ClCompile Include="..\Classes\CurrentDetailDataSource.cpp">
      <Filter>Models\GameLogic</Filter>
    </ClCompile>
    <ClCompile Include="..\Classes\TetraminoDetail.cpp">
      <Filter>Models\GameLogic</Filter>
    </ClCompile>
    <ClCompile Include="..\Classes\CollisionDelegate.cpp">
      <Filter>Models\GameLogic</Filter>
    </ClCompile>
    <ClCompile Include="..\Classes\TetraminoDetailLocatorDelegate.cpp">
      <Filter>Models\GameLogic</Filter>
    </ClCompile>
    <ClCompile Include="..\Classes\GameHudsController.cpp">
      <Filter>Controllers\ViewControllers</Filter>
    </ClCompile>
    <ClCompile Include="..\Classes\PlayerActionControllerFactory.cpp">
      <Filter>Controllers\ViewControllers\PlayerActionsControllers</Filter>
    </ClCompile>
    <ClCompile Include="..\Classes\PlayerActionControllerDesktop.cpp">
      <Filter>Controllers\ViewControllers\PlayerActionsControllers</Filter>
    </ClCompile>
    <ClCompile Include="..\Classes\PlayerGameControlsDataSource.cpp">
      <Filter>Models\ViewsDataSources</Filter>
    </ClCompile>
    <ClCompile Include="..\Classes\CurrentDetailControllerDelegate.cpp">
      <Filter>Controllers\ViewControllers\AnimationControllers</Filter>
    </ClCompile>
    <ClCompile Include="..\Classes\CurrentDetailAnimationControler.cpp">
      <Filter>Controllers\ViewControllers\AnimationControllers</Filter>
    </ClCompile>
    <ClCompile Include="..\Classes\CurrentDetailTetraminosChecker.cpp">
      <Filter>Models\GameLogic</Filter>
    </ClCompile>
    <ClCompile Include="..\Classes\TetraminoColorsDataSource.cpp">
      <Filter>Models\ViewsDataSources</Filter>
    </ClCompile>
    <ClCompile Include="..\Classes\GameWorldAnimationController.cpp">
      <Filter>Controllers\ViewControllers</Filter>
    </ClCompile>
    <ClCompile Include="..\Classes\MainGamePlayerScoreController.cpp">
      <Filter>Controllers\ViewControllers</Filter>
    </ClCompile>
    <ClCompile Include="..\Classes\TetrisLogicSystem.cpp">
      <Filter>Models\GameLogic\Systems</Filter>
    </ClCompile>
    <ClCompile Include="..\Classes\FullLineCombination.cpp">
      <Filter>Models\GameLogic\TetraminosCombinations</Filter>
    </ClCompile>
    <ClCompile Include="..\Classes\AwardForTetraminoDataSource.cpp">
      <Filter>Models\DataSources</Filter>
    </ClCompile>
    <ClCompile Include="..\Classes\DetailsFromBoardDataSource.cpp">
      <Filter>Models\GameLogic</Filter>
    </ClCompile>
    <ClCompile Include="..\Classes\TetraminosCombinatorDelegate.cpp">
      <Filter>Models\GameLogic</Filter>
    </ClCompile>
    <ClCompile Include="..\Classes\FillingGapInBoardSystem.cpp">
      <Filter>Models\GameLogic</Filter>
    </ClCompile>
    <ClCompile Include="..\Classes\FillingGapInBoardDelegate.cpp">
      <Filter>Controllers\ViewControllers\AnimationControllers</Filter>
    </ClCompile>
    <ClCompile Include="..\Classes\FillingGapInBoardAnimationController.cpp">
      <Filter>Controllers\ViewControllers\AnimationControllers</Filter>
    </ClCompile>
    <ClCompile Include="..\Classes\DetailViewDataSource.cpp">
      <Filter>Models\ViewsDataSources</Filter>
    </ClCompile>
    <ClCompile Include="..\Classes\FallenDetailAnimationFactory.cpp">
      <Filter>Factories</Filter>
    </ClCompile>
    <ClCompile Include="..\Classes\AnimationSynchonizer.cpp">
      <Filter>Controllers\ViewControllers\AnimationControllers</Filter>
    </ClCompile>
    <ClCompile Include="..\Classes\TetraminisDetailsFactory.cpp">
      <Filter>Factories</Filter>
    </ClCompile>
    <ClCompile Include="..\Classes\CurrentLevelDataSource.cpp">
      <Filter>Models\DataSources</Filter>
    </ClCompile>
    <ClCompile Include="..\Classes\GameHelper.cpp">
      <Filter>SupportedFiles</Filter>
    </ClCompile>
    <ClCompile Include="..\Classes\NewTetraminoDetailDataSource.cpp">
      <Filter>Models\DataSources</Filter>
    </ClCompile>
    <ClCompile Include="..\Classes\GameFlowSystem.cpp">
      <Filter>Models\GameLogic\Systems</Filter>
    </ClCompile>
    <ClCompile Include="..\Classes\WinGameSystem.cpp">
      <Filter>Models\GameLogic\Systems</Filter>
    </ClCompile>
    <ClCompile Include="..\Classes\SimilarTetraminosCombination.cpp">
      <Filter>Models\GameLogic\TetraminosCombinations</Filter>
    </ClCompile>
    <ClCompile Include="..\Classes\TetraminoExplosionFactory.cpp">
      <Filter>Factories</Filter>
    </ClCompile>
    <ClCompile Include="..\Classes\ChainFromTetraminosChecker.cpp">
      <Filter>Models\GameLogic\TetraminosCombinations</Filter>
    </ClCompile>
    <ClCompile Include="..\Classes\HorisontalChainChecker.cpp">
      <Filter>Models\GameLogic\TetraminosCombinations</Filter>
    </ClCompile>
    <ClCompile Include="..\Classes\VerticalChainChecker.cpp">
      <Filter>Models\GameLogic\TetraminosCombinations</Filter>
    </ClCompile>
    <ClCompile Include="..\Classes\TetraminosChainCleaner.cpp">
      <Filter>Models\GameLogic\TetraminosCombinations</Filter>
    </ClCompile>
    <ClCompile Include="..\Classes\CurrentVictoryConditionDataSource.cpp">
      <Filter>Models\GameLogic</Filter>
    </ClCompile>
    <ClCompile Include="..\Classes\VictoryConditionInterface.cpp">
      <Filter>Models\VictoryConditions</Filter>
    </ClCompile>
    <ClCompile Include="..\Classes\WinBossCondition.cpp">
      <Filter>Models\VictoryConditions</Filter>
    </ClCompile>
    <ClCompile Include="..\Classes\VictoryConditionViewDataSource.cpp">
      <Filter>Models\ViewsDataSources</Filter>
    </ClCompile>
    <ClCompile Include="..\Classes\MainGameVictoryConditionController.cpp">
      <Filter>Controllers\ViewControllers</Filter>
    </ClCompile>
    <ClCompile Include="..\Classes\BossEnvironmentFactory.cpp">
      <Filter>Factories</Filter>
    </ClCompile>
    <ClCompile Include="..\Classes\BossInterface.cpp">
      <Filter>Models\Bosses</Filter>
    </ClCompile>
    <ClCompile Include="..\Classes\QueenBoss.cpp">
      <Filter>Models\Bosses</Filter>
    </ClCompile>
    <ClCompile Include="..\Classes\PrincessBoss.cpp">
      <Filter>Models\Bosses</Filter>
    </ClCompile>
    <ClCompile Include="..\Classes\AIMovementStrategy.cpp">
      <Filter>Models\AIStrateges</Filter>
    </ClCompile>
    <ClCompile Include="..\Classes\BossWithOneTetraminoDelegate.cpp">
      <Filter>Models\Bosses</Filter>
    </ClCompile>
    <ClCompile Include="..\Classes\KingBoss.cpp">
      <Filter>Models\Bosses</Filter>
    </ClCompile>
    <ClCompile Include="..\Classes\AISpellCastsStrategy.cpp">
      <Filter>Models\AIStrateges</Filter>
    </ClCompile>
    <ClCompile Include="..\Classes\SpellInterface.cpp">
      <Filter>Models\Spells</Filter>
    </ClCompile>
    <ClCompile Include="..\Classes\AddLineToBoardBottomSpell.cpp">
      <Filter>Models\Spells</Filter>
    </ClCompile>
    <ClCompile Include="..\Classes\DamageToPlayerSpell.cpp">
      <Filter>Models\Spells</Filter>
    </ClCompile>
    <ClCompile Include="..\Classes\ExplosionAnimationController.cpp">
      <Filter>Controllers\ViewControllers\AnimationControllers</Filter>
    </ClCompile>
    <ClCompile Include="..\Classes\ExplosionAnimationDelegate.cpp">
      <Filter>Controllers\ViewControllers\AnimationControllers</Filter>
    </ClCompile>
    <ClCompile Include="..\Classes\PlayerSpellsControllerFactory.cpp">
      <Filter>Controllers\ViewControllers\PlayerActionsControllers</Filter>
    </ClCompile>
    <ClCompile Include="..\Classes\PlayerSpellsControllerDesktop.cpp">
      <Filter>Controllers\ViewControllers\PlayerActionsControllers</Filter>
    </ClCompile>
    <ClCompile Include="..\Classes\SpellsViewDataSource.cpp">
      <Filter>Models\ViewsDataSources</Filter>
    </ClCompile>
    <ClCompile Include="..\Classes\SpellBox.cpp">
      <Filter>Models\Spells</Filter>
    </ClCompile>
    <ClCompile Include="..\Classes\RocketSpell.cpp">
      <Filter>Models\Spells</Filter>
    </ClCompile>
    <ClCompile Include="..\Classes\RocketSpellDelegate.cpp">
      <Filter>Controllers\ViewControllers\AnimationControllers</Filter>
    </ClCompile>
    <ClCompile Include="..\Classes\RocketSpellAnimationController.cpp">
      <Filter>Controllers\ViewControllers\AnimationControllers</Filter>
    </ClCompile>
    <ClCompile Include="..\Classes\RandomExplosionsSpell.cpp">
      <Filter>Models\Spells</Filter>
    </ClCompile>
    <ClCompile Include="..\Classes\FirestromSpell.cpp">
      <Filter>Models\Spells</Filter>
    </ClCompile>
    <ClCompile Include="..\Classes\FirestormSpellDelegate.cpp">
      <Filter>Controllers\ViewControllers\AnimationControllers</Filter>
    </ClCompile>
    <ClCompile Include="..\Classes\FirestormSpellAnimationController.cpp">
      <Filter>Controllers\ViewControllers\AnimationControllers</Filter>
    </ClCompile>
    <ClCompile Include="..\Classes\CohesionSpell.cpp">
      <Filter>Models\Spells</Filter>
    </ClCompile>
    <ClCompile Include="..\Classes\CohesionSpellDelegate.cpp">
      <Filter>Controllers\ViewControllers\AnimationControllers</Filter>
    </ClCompile>
    <ClCompile Include="..\Classes\CohesionSpellAnimationController.cpp">
      <Filter>Controllers\ViewControllers\AnimationControllers</Filter>
    </ClCompile>
    <ClCompile Include="..\Classes\TetraminosFallEvent.cpp">
      <Filter>Models\GameEvents</Filter>
    </ClCompile>
    <ClCompile Include="..\Classes\TetraminosFallEventDelegate.cpp">
      <Filter>Controllers\ViewControllers\AnimationControllers</Filter>
    </ClCompile>
    <ClCompile Include="..\Classes\TetraminosFallEventAnimationController.cpp">
      <Filter>Controllers\ViewControllers\AnimationControllers</Filter>
    </ClCompile>
  </ItemGroup>
  <ItemGroup>
    <ClInclude Include="main.h">
      <Filter>win32</Filter>
    </ClInclude>
    <ClInclude Include="..\Classes\AppDelegate.h">
      <Filter>CocosStartClasses</Filter>
    </ClInclude>
    <ClInclude Include="..\Classes\HelloWorldScene.h">
      <Filter>CocosStartClasses</Filter>
    </ClInclude>
    <ClInclude Include="SceneGraphFactory.h">
      <Filter>Factories</Filter>
    </ClInclude>
    <ClInclude Include="EventDispatcher.h">
      <Filter>EventSystem</Filter>
    </ClInclude>
    <ClInclude Include="GameEventsFactory.h">
      <Filter>Factories</Filter>
    </ClInclude>
    <ClInclude Include="SpellsFactory.h">
      <Filter>Factories</Filter>
    </ClInclude>
    <ClInclude Include="TetrominosFactory.h">
      <Filter>Factories</Filter>
    </ClInclude>
    <ClInclude Include="GameDataFactory.h">
      <Filter>Factories</Filter>
    </ClInclude>
    <ClInclude Include="EventHandlerInterface.h">
      <Filter>EventSystem</Filter>
    </ClInclude>
    <ClInclude Include="ActiveDetails.h">
      <Filter>Models\GameLogic</Filter>
    </ClInclude>
    <ClInclude Include="AiSystem.h">
      <Filter>Models\GameLogic\Systems</Filter>
    </ClInclude>
    <ClInclude Include="CollisionSystem.h">
      <Filter>Models\GameLogic\Systems</Filter>
    </ClInclude>
    <ClInclude Include="GameSystemInterface.h">
      <Filter>Models\GameLogic\Systems</Filter>
    </ClInclude>
    <ClInclude Include="MoveSystem.h">
      <Filter>Models\GameLogic\Systems</Filter>
    </ClInclude>
    <ClInclude Include="GameEventInterface.h">
      <Filter>Models\GameEvents</Filter>
    </ClInclude>
    <ClInclude Include="DevelopersSceneFactory.h">
      <Filter>Factories\ScenesFactories</Filter>
    </ClInclude>
    <ClInclude Include="GameRecordsSceneFactory.h">
      <Filter>Factories\ScenesFactories</Filter>
    </ClInclude>
    <ClInclude Include="GameResourcesExtension.h">
      <Filter>Constants</Filter>
    </ClInclude>
    <ClInclude Include="GameControllViewDataSource.h">
      <Filter>Models\ViewsDataSources</Filter>
    </ClInclude>
    <ClInclude Include="EndGameViewDataSource.h">
      <Filter>Models\ViewsDataSources</Filter>
    </ClInclude>
    <ClInclude Include="AIStrategyInterface.h">
      <Filter>Models\AIStrateges</Filter>
    </ClInclude>
    <ClInclude Include="BossesFactory.h">
      <Filter>Factories</Filter>
    </ClInclude>
    <ClInclude Include="TimeAccelerationEvent.h">
      <Filter>Models\GameEvents</Filter>
    </ClInclude>
    <ClInclude Include="VictoryConditionsFactory.h">
      <Filter>Factories</Filter>
    </ClInclude>
    <ClInclude Include="PlaceSomeDetailsCondition.h">
      <Filter>Models\VictoryConditions</Filter>
    </ClInclude>
    <ClInclude Include="RemainSomeTimeCondition.h">
      <Filter>Models\VictoryConditions</Filter>
    </ClInclude>
    <ClInclude Include="RemoveSomeTetraminosCondition.h">
      <Filter>Models\VictoryConditions</Filter>
    </ClInclude>
    <ClInclude Include="CurrentBossDataSource.h">
      <Filter>Models\DataSources</Filter>
    </ClInclude>
    <ClInclude Include="CurrentGameEventsDataSource.h">
      <Filter>Models\DataSources</Filter>
    </ClInclude>
    <ClInclude Include="CurrentLevelAwardDataSource.h">
      <Filter>Models\DataSources</Filter>
    </ClInclude>
    <ClInclude Include="CurrentLevelWinResultDataSource.h">
      <Filter>Models\DataSources</Filter>
    </ClInclude>
    <ClInclude Include="DevelopersDataSource.h">
      <Filter>Models\DataSources</Filter>
    </ClInclude>
    <ClInclude Include="GamePlayersDatabase.h">
      <Filter>Models\DataSources</Filter>
    </ClInclude>
    <ClInclude Include="NewGameTetraminoDataSource.h">
      <Filter>Models\DataSources</Filter>
    </ClInclude>
    <ClInclude Include="PlayerScoreDataSource.h">
      <Filter>Models\DataSources</Filter>
    </ClInclude>
    <ClInclude Include="PlayerSelectionDataSource.h">
      <Filter>Models\DataSources</Filter>
    </ClInclude>
    <ClInclude Include="RecordsDataSource.h">
      <Filter>Models\DataSources</Filter>
    </ClInclude>
    <ClInclude Include="TetraminosCharacteristicsDataSource.h">
      <Filter>Models\DataSources</Filter>
    </ClInclude>
    <ClInclude Include="WinGamesDataSource.h">
      <Filter>Models\DataSources</Filter>
    </ClInclude>
    <ClInclude Include="RemovingDeadTetraminosSystem.h">
      <Filter>Models\GameLogic\Systems</Filter>
    </ClInclude>
    <ClInclude Include="PlayerInputController.h">
      <Filter>Controllers\ViewControllers</Filter>
    </ClInclude>
    <ClInclude Include="GameTransitionsController.h">
      <Filter>Controllers</Filter>
    </ClInclude>
    <ClInclude Include="EndGameController.h">
      <Filter>Controllers\ViewControllers</Filter>
    </ClInclude>
    <ClInclude Include="PlayerSelectionObserver.h">
      <Filter>Observers</Filter>
    </ClInclude>
    <ClInclude Include="CurrentLevelDataSourceObserver.h">
      <Filter>Observers</Filter>
    </ClInclude>
    <ClInclude Include="..\Classes\CocosViewConfigurator.h">
      <Filter>CocosStartClasses</Filter>
    </ClInclude>
    <ClInclude Include="..\Classes\GameInitiator.h">
      <Filter>Controllers</Filter>
    </ClInclude>
    <ClInclude Include="..\Classes\GameViewElementsDataSource.h">
      <Filter>Models\ViewsDataSources</Filter>
    </ClInclude>
    <ClInclude Include="..\Classes\ScenesFactory.h">
      <Filter>Factories\ScenesFactories</Filter>
    </ClInclude>
    <ClInclude Include="..\Classes\ScenesTransitionsFactory.h">
      <Filter>Factories</Filter>
    </ClInclude>
    <ClInclude Include="..\Classes\GameTransitionsViewController.h">
      <Filter>Controllers\ViewControllers</Filter>
    </ClInclude>
    <ClInclude Include="..\Classes\GameGraphicsLoader.h">
      <Filter>Controllers\Loaders</Filter>
    </ClInclude>
    <ClInclude Include="..\Classes\GameServicesKeys.h">
      <Filter>Constants</Filter>
    </ClInclude>
    <ClInclude Include="..\Classes\ServiceLocator.h">
      <Filter>Singletons</Filter>
    </ClInclude>
    <ClInclude Include="..\Classes\GameStructures.h">
      <Filter>Constants</Filter>
    </ClInclude>
    <ClInclude Include="..\Classes\ServiceInterface.h">
      <Filter>Singletons</Filter>
    </ClInclude>
    <ClInclude Include="..\Classes\GameViewInformationFactory.h">
      <Filter>Factories</Filter>
    </ClInclude>
    <ClInclude Include="..\Classes\GameViewConstants.h">
      <Filter>Constants</Filter>
    </ClInclude>
    <ClInclude Include="..\Classes\GameFileExtensionMaker.h">
      <Filter>SupportedFiles</Filter>
    </ClInclude>
    <ClInclude Include="..\Classes\GameViewElementsKeys.h">
      <Filter>Constants</Filter>
    </ClInclude>
    <ClInclude Include="..\Classes\GameGraphicsDataSource.h">
      <Filter>Models\DataSources</Filter>
    </ClInclude>
    <ClInclude Include="..\Classes\GameEnums.h">
      <Filter>Constants</Filter>
    </ClInclude>
    <ClInclude Include="..\Classes\SceneFactory.h">
      <Filter>Factories\ScenesFactories</Filter>
    </ClInclude>
    <ClInclude Include="..\Classes\LoadingGameSceneFactory.h">
      <Filter>Factories\ScenesFactories</Filter>
    </ClInclude>
    <ClInclude Include="..\Classes\LoadGameController.h">
      <Filter>Controllers\ViewControllers</Filter>
    </ClInclude>
    <ClInclude Include="..\Classes\ResourcesLoader.h">
      <Filter>Controllers\Loaders</Filter>
    </ClInclude>
    <ClInclude Include="..\Classes\GameSoundDataSource.h">
      <Filter>Models\DataSources</Filter>
    </ClInclude>
    <ClInclude Include="..\Classes\GameDataLoader.h">
      <Filter>Controllers\Loaders</Filter>
    </ClInclude>
    <ClInclude Include="..\Classes\GameSoundLoader.h">
      <Filter>Controllers\Loaders</Filter>
    </ClInclude>
    <ClInclude Include="..\Classes\GameLogicLoader.h">
      <Filter>Controllers\Loaders</Filter>
    </ClInclude>
    <ClInclude Include="..\Classes\GameDesignConstants.h">
      <Filter>Constants</Filter>
    </ClInclude>
    <ClInclude Include="..\Classes\CocosNodesHelper.h">
      <Filter>SupportedFiles</Filter>
    </ClInclude>
    <ClInclude Include="..\Classes\GameViewElementsZOrders.h">
      <Filter>Constants</Filter>
    </ClInclude>
    <ClInclude Include="..\Classes\StartGameAnimationController.h">
      <Filter>Controllers\ViewControllers</Filter>
    </ClInclude>
    <ClInclude Include="..\Classes\StartGameSceneFactory.h">
      <Filter>Factories\ScenesFactories</Filter>
    </ClInclude>
    <ClInclude Include="..\Classes\CurrentPlayerDataSource.h">
      <Filter>Models\DataSources</Filter>
    </ClInclude>
    <ClInclude Include="..\Classes\GameStatesHelper.h">
      <Filter>SupportedFiles</Filter>
    </ClInclude>
    <ClInclude Include="..\Classes\GamePopUpsController.h">
      <Filter>Controllers</Filter>
    </ClInclude>
    <ClInclude Include="..\Classes\StartGameMenuDataSource.h">
      <Filter>Models\ViewsDataSources</Filter>
    </ClInclude>
    <ClInclude Include="..\Classes\StartGameMenuController.h">
      <Filter>Controllers\ViewControllers</Filter>
    </ClInclude>
    <ClInclude Include="..\Classes\GameViewStyleHelper.h">
      <Filter>SupportedFiles</Filter>
    </ClInclude>
    <ClInclude Include="..\Classes\GameElementsDataHelper.h">
      <Filter>SupportedFiles</Filter>
    </ClInclude>
    <ClInclude Include="..\Classes\GameAnimationActionsConstants.h">
      <Filter>Constants</Filter>
    </ClInclude>
    <ClInclude Include="..\Classes\ScreenPopUp.h">
      <Filter>Controllers\ViewControllers\PopUps</Filter>
    </ClInclude>
    <ClInclude Include="..\Classes\RegulateSoundPopUp.h">
      <Filter>Controllers\ViewControllers\PopUps</Filter>
    </ClInclude>
    <ClInclude Include="..\Classes\GameBackgroundSoundRegulator.h">
      <Filter>Controllers\ViewControllers\Regulators</Filter>
    </ClInclude>
    <ClInclude Include="..\Classes\GameSoundEffectsRegulator.h">
      <Filter>Controllers\ViewControllers\Regulators</Filter>
    </ClInclude>
    <ClInclude Include="..\Classes\SelectGameLevelSceneFactory.h">
      <Filter>Factories\ScenesFactories</Filter>
    </ClInclude>
    <ClInclude Include="..\Classes\SelectGameLevelController.h">
      <Filter>Controllers\ViewControllers</Filter>
    </ClInclude>
    <ClInclude Include="..\Classes\GameLevelsMenuDataSource.h">
      <Filter>Models\ViewsDataSources</Filter>
    </ClInclude>
    <ClInclude Include="..\Classes\GameLevelsDataSource.h">
      <Filter>Models\DataSources</Filter>
    </ClInclude>
    <ClInclude Include="..\Classes\GameKeyWithSuffixSupporter.h">
      <Filter>SupportedFiles</Filter>
    </ClInclude>
    <ClInclude Include="..\Classes\GameViewSuffixes.h">
      <Filter>Constants</Filter>
    </ClInclude>
    <ClInclude Include="..\Classes\SelectLevelPlayerStatusController.h">
      <Filter>Controllers\ViewControllers</Filter>
    </ClInclude>
    <ClInclude Include="..\Classes\PlayerStatusDataSource.h">
      <Filter>Models\ViewsDataSources</Filter>
    </ClInclude>
    <ClInclude Include="..\Classes\StringsSupporter.h">
      <Filter>SupportedFiles</Filter>
    </ClInclude>
    <ClInclude Include="..\Classes\PlayerStatusDelegateInterface.h">
      <Filter>Controllers\ViewControllers</Filter>
    </ClInclude>
    <ClInclude Include="..\Classes\PlayerCreatorController.h">
      <Filter>Controllers\ViewControllers</Filter>
    </ClInclude>
    <ClInclude Include="..\Classes\MainGameSceneFactory.h">
      <Filter>Factories\ScenesFactories</Filter>
    </ClInclude>
    <ClInclude Include="..\Classes\LoadingGameDataSource.h">
      <Filter>Models\ViewsDataSources</Filter>
    </ClInclude>
    <ClInclude Include="..\Classes\GameWorldController.h">
      <Filter>Controllers\ViewControllers</Filter>
    </ClInclude>
    <ClInclude Include="..\Classes\GameBoardController.h">
      <Filter>Controllers\ViewControllers</Filter>
    </ClInclude>
    <ClInclude Include="..\Classes\GameWorldBackgroundController.h">
      <Filter>Controllers\ViewControllers</Filter>
    </ClInclude>
    <ClInclude Include="..\Classes\MainGameBackgroundDataSource.h">
      <Filter>Models\ViewsDataSources</Filter>
    </ClInclude>
    <ClInclude Include="..\Classes\GameBoardViewDataSource.h">
      <Filter>Models\ViewsDataSources</Filter>
    </ClInclude>
    <ClInclude Include="..\Classes\GameBoard.h">
      <Filter>Models\GameLogic\Systems\GameBoard</Filter>
    </ClInclude>
    <ClInclude Include="..\Classes\KeysForEnumsDataSource.h">
      <Filter>Models\DataSources</Filter>
    </ClInclude>
    <ClInclude Include="..\Classes\Tetramino.h">
      <Filter>Models\GameLogic</Filter>
    </ClInclude>
    <ClInclude Include="..\Classes\GameBoardObserverInterface.h">
      <Filter>Observers</Filter>
    </ClInclude>
    <ClInclude Include="..\Classes\TetraminosPositionsDelegate.h">
      <Filter>Models\GameLogic\Systems\GameBoard</Filter>
    </ClInclude>
    <ClInclude Include="..\Classes\TetraminoObserverInterface.h">
      <Filter>Observers</Filter>
    </ClInclude>
    <ClInclude Include="..\Classes\GameTimeStepController.h">
      <Filter>Controllers</Filter>
    </ClInclude>
    <ClInclude Include="..\Classes\GameSystemInterface.h">
      <Filter>Models\GameLogic\Systems</Filter>
    </ClInclude>
    <ClInclude Include="..\Classes\CurrentDetailController.h">
      <Filter>Controllers</Filter>
    </ClInclude>
    <ClInclude Include="..\Classes\CurrentDetailDataSource.h">
      <Filter>Models\GameLogic</Filter>
    </ClInclude>
    <ClInclude Include="..\Classes\TetraminoDetail.h">
      <Filter>Models\GameLogic</Filter>
    </ClInclude>
    <ClInclude Include="..\Classes\CollisionDelegate.h">
      <Filter>Models\GameLogic</Filter>
    </ClInclude>
    <ClInclude Include="..\Classes\TetraminoDetailLocatorDelegate.h">
      <Filter>Models\GameLogic</Filter>
    </ClInclude>
    <ClInclude Include="..\Classes\GameHudsController.h">
      <Filter>Controllers\ViewControllers</Filter>
    </ClInclude>
    <ClInclude Include="..\Classes\PlayerActionControllerFactory.h">
      <Filter>Controllers\ViewControllers\PlayerActionsControllers</Filter>
    </ClInclude>
    <ClInclude Include="..\Classes\PlayerActionControllerDesktop.h">
      <Filter>Controllers\ViewControllers\PlayerActionsControllers</Filter>
    </ClInclude>
    <ClInclude Include="..\Classes\PlayerGameControlsDataSource.h">
      <Filter>Models\ViewsDataSources</Filter>
    </ClInclude>
    <ClInclude Include="..\Classes\CurrentDetailControllerDelegate.h">
      <Filter>Controllers\ViewControllers\AnimationControllers</Filter>
    </ClInclude>
    <ClInclude Include="..\Classes\CurrentDetailAnimationControler.h">
      <Filter>Controllers\ViewControllers\AnimationControllers</Filter>
    </ClInclude>
    <ClInclude Include="..\Classes\CurrentDetailTetraminosChecker.h">
      <Filter>Models\GameLogic</Filter>
    </ClInclude>
    <ClInclude Include="..\Classes\TetraminoColorsDataSource.h">
      <Filter>Models\ViewsDataSources</Filter>
    </ClInclude>
    <ClInclude Include="..\Classes\GameWorldAnimationController.h">
      <Filter>Controllers\ViewControllers</Filter>
    </ClInclude>
    <ClInclude Include="..\Classes\MainGamePlayerScoreController.h">
      <Filter>Controllers\ViewControllers</Filter>
    </ClInclude>
    <ClInclude Include="..\Classes\TetrisLogicSystem.h">
      <Filter>Models\GameLogic\Systems</Filter>
    </ClInclude>
    <ClInclude Include="..\Classes\FullLineCombination.h">
      <Filter>Models\GameLogic\TetraminosCombinations</Filter>
    </ClInclude>
    <ClInclude Include="..\Classes\AwardForTetraminoDataSource.h">
      <Filter>Models\DataSources</Filter>
    </ClInclude>
    <ClInclude Include="..\Classes\DetailsFromBoardDataSource.h">
      <Filter>Models\GameLogic</Filter>
    </ClInclude>
    <ClInclude Include="..\Classes\TetraminosCombinatorDelegate.h">
      <Filter>Models\GameLogic</Filter>
    </ClInclude>
    <ClInclude Include="..\Classes\FillingGapInBoardSystem.h">
      <Filter>Models\GameLogic</Filter>
    </ClInclude>
    <ClInclude Include="..\Classes\FillingGapInBoardDelegate.h">
      <Filter>Controllers\ViewControllers\AnimationControllers</Filter>
    </ClInclude>
    <ClInclude Include="..\Classes\FillingGapInBoardAnimationController.h">
      <Filter>Controllers\ViewControllers\AnimationControllers</Filter>
    </ClInclude>
    <ClInclude Include="..\Classes\DetailViewDataSource.h">
      <Filter>Models\ViewsDataSources</Filter>
    </ClInclude>
    <ClInclude Include="..\Classes\FuctionsTypedefs.h">
      <Filter>Constants</Filter>
    </ClInclude>
    <ClInclude Include="..\Classes\FallenDetailAnimationFactory.h">
      <Filter>Factories</Filter>
    </ClInclude>
    <ClInclude Include="..\Classes\AnimationSynchonizer.h">
      <Filter>Controllers\ViewControllers\AnimationControllers</Filter>
    </ClInclude>
    <ClInclude Include="..\Classes\TetraminisDetailsFactory.h">
      <Filter>Factories</Filter>
    </ClInclude>
    <ClInclude Include="..\Classes\CurrentLevelDataSource.h">
      <Filter>Models\DataSources</Filter>
    </ClInclude>
    <ClInclude Include="..\Classes\GameHelper.h">
      <Filter>SupportedFiles</Filter>
    </ClInclude>
    <ClInclude Include="..\Classes\NewTetraminoDetailDataSource.h">
      <Filter>Models\DataSources</Filter>
    </ClInclude>
    <ClInclude Include="..\Classes\GameFlowSystem.h">
      <Filter>Models\GameLogic\Systems</Filter>
    </ClInclude>
    <ClInclude Include="..\Classes\WinGameSystem.h">
      <Filter>Models\GameLogic\Systems</Filter>
    </ClInclude>
    <ClInclude Include="..\Classes\SimilarTetraminosCombination.h">
      <Filter>Models\GameLogic\TetraminosCombinations</Filter>
    </ClInclude>
    <ClInclude Include="..\Classes\TetraminoExplosionFactory.h">
      <Filter>Factories</Filter>
    </ClInclude>
    <ClInclude Include="..\Classes\ChainFromTetraminosChecker.h">
      <Filter>Models\GameLogic\TetraminosCombinations</Filter>
    </ClInclude>
    <ClInclude Include="..\Classes\HorisontalChainChecker.h">
      <Filter>Models\GameLogic\TetraminosCombinations</Filter>
    </ClInclude>
    <ClInclude Include="..\Classes\VerticalChainChecker.h">
      <Filter>Models\GameLogic\TetraminosCombinations</Filter>
    </ClInclude>
    <ClInclude Include="..\Classes\TetraminosChainCleaner.h">
      <Filter>Models\GameLogic\TetraminosCombinations</Filter>
    </ClInclude>
    <ClInclude Include="..\Classes\CurrentVictoryConditionDataSource.h">
      <Filter>Models\GameLogic</Filter>
    </ClInclude>
    <ClInclude Include="..\Classes\VictoryConditionInterface.h">
      <Filter>Models\VictoryConditions</Filter>
    </ClInclude>
    <ClInclude Include="..\Classes\WinBossCondition.h">
      <Filter>Models\VictoryConditions</Filter>
    </ClInclude>
    <ClInclude Include="..\Classes\VictoryConditionViewDataSource.h">
      <Filter>Models\ViewsDataSources</Filter>
    </ClInclude>
    <ClInclude Include="..\Classes\MainGameVictoryConditionController.h">
      <Filter>Controllers\ViewControllers</Filter>
    </ClInclude>
    <ClInclude Include="..\Classes\BossEnvironmentFactory.h">
      <Filter>Factories</Filter>
    </ClInclude>
    <ClInclude Include="..\Classes\BossInterface.h">
      <Filter>Models\Bosses</Filter>
    </ClInclude>
    <ClInclude Include="..\Classes\QueenBoss.h">
      <Filter>Models\Bosses</Filter>
    </ClInclude>
    <ClInclude Include="..\Classes\PrincessBoss.h">
      <Filter>Models\Bosses</Filter>
    </ClInclude>
    <ClInclude Include="..\Classes\AIMovementStrategy.h">
      <Filter>Models\AIStrateges</Filter>
    </ClInclude>
    <ClInclude Include="..\Classes\BossWithOneTetraminoDelegate.h">
      <Filter>Models\Bosses</Filter>
    </ClInclude>
    <ClInclude Include="..\Classes\KingBoss.h">
      <Filter>Models\Bosses</Filter>
    </ClInclude>
    <ClInclude Include="..\Classes\AISpellCastsStrategy.h">
      <Filter>Models\AIStrateges</Filter>
    </ClInclude>
    <ClInclude Include="..\Classes\SpellInterface.h">
      <Filter>Models\Spells</Filter>
    </ClInclude>
    <ClInclude Include="..\Classes\AddLineToBoardBottomSpell.h">
      <Filter>Models\Spells</Filter>
    </ClInclude>
    <ClInclude Include="..\Classes\DamageToPlayerSpell.h">
      <Filter>Models\Spells</Filter>
    </ClInclude>
    <ClInclude Include="..\Classes\ExplosionAnimationController.h">
      <Filter>Controllers\ViewControllers\AnimationControllers</Filter>
    </ClInclude>
    <ClInclude Include="..\Classes\ExplosionAnimationDelegate.h">
      <Filter>Controllers\ViewControllers\AnimationControllers</Filter>
    </ClInclude>
    <ClInclude Include="..\Classes\PlayerSpellsControllerFactory.h">
      <Filter>Controllers\ViewControllers\PlayerActionsControllers</Filter>
    </ClInclude>
    <ClInclude Include="..\Classes\PlayerSpellsControllerDesktop.h">
      <Filter>Controllers\ViewControllers\PlayerActionsControllers</Filter>
    </ClInclude>
    <ClInclude Include="..\Classes\SpellsViewDataSource.h">
      <Filter>Models\ViewsDataSources</Filter>
    </ClInclude>
    <ClInclude Include="..\Classes\SpellBox.h">
      <Filter>Models\Spells</Filter>
    </ClInclude>
    <ClInclude Include="..\Classes\RocketSpell.h">
      <Filter>Models\Spells</Filter>
    </ClInclude>
    <ClInclude Include="..\Classes\RocketSpellDelegate.h">
      <Filter>Controllers\ViewControllers\AnimationControllers</Filter>
    </ClInclude>
    <ClInclude Include="..\Classes\RocketSpellAnimationController.h">
      <Filter>Controllers\ViewControllers\AnimationControllers</Filter>
    </ClInclude>
    <ClInclude Include="..\Classes\RandomExplosionsSpell.h">
      <Filter>Models\Spells</Filter>
    </ClInclude>
    <ClInclude Include="..\Classes\FirestromSpell.h">
      <Filter>Models\Spells</Filter>
    </ClInclude>
    <ClInclude Include="..\Classes\FirestormSpellDelegate.h">
      <Filter>Controllers\ViewControllers\AnimationControllers</Filter>
    </ClInclude>
    <ClInclude Include="..\Classes\FirestormSpellAnimationController.h">
      <Filter>Controllers\ViewControllers\AnimationControllers</Filter>
    </ClInclude>
    <ClInclude Include="..\Classes\CohesionSpell.h">
      <Filter>Models\Spells</Filter>
    </ClInclude>
    <ClInclude Include="..\Classes\CohesionSpellDelegate.h">
      <Filter>Controllers\ViewControllers\AnimationControllers</Filter>
    </ClInclude>
    <ClInclude Include="..\Classes\CohesionSpellAnimationController.h">
      <Filter>Controllers\ViewControllers\AnimationControllers</Filter>
    </ClInclude>
    <ClInclude Include="..\Classes\TetraminosFallEvent.h">
      <Filter>Models\GameEvents</Filter>
    </ClInclude>
    <ClInclude Include="..\Classes\TetraminosFallEventDelegate.h">
      <Filter>Controllers\ViewControllers\AnimationControllers</Filter>
    </ClInclude>
    <ClInclude Include="..\Classes\TetraminosFallEventAnimationController.h">
      <Filter>Controllers\ViewControllers\AnimationControllers</Filter>
    </ClInclude>
  </ItemGroup>
  <ItemGroup>
    <ResourceCompile Include="game.rc">
      <Filter>resource</Filter>
    </ResourceCompile>
  </ItemGroup>
</Project>