<?xml version="1.0" encoding="utf-8"?>
<Project ToolsVersion="4.0" xmlns="http://schemas.microsoft.com/developer/msbuild/2003">
  <ItemGroup>
    <Filter Include="win32">
      <UniqueIdentifier>{84a8ebd7-7cf0-47f6-b75e-d441df67da40}</UniqueIdentifier>
    </Filter>
    <Filter Include="resource">
      <UniqueIdentifier>{715254bc-d70b-4ec5-bf29-467dd3ace079}</UniqueIdentifier>
    </Filter>
    <Filter Include="src">
      <UniqueIdentifier>{bb6c862e-70e9-49d9-81b7-3829a6f50471}</UniqueIdentifier>
    </Filter>
    <Filter Include="Views">
      <UniqueIdentifier>{f74156b7-6b77-4de5-9f41-b275329a7348}</UniqueIdentifier>
    </Filter>
    <Filter Include="Models">
      <UniqueIdentifier>{d8d055d0-6f5f-4f60-93f9-7d03a9080fe4}</UniqueIdentifier>
    </Filter>
    <Filter Include="Controllers">
      <UniqueIdentifier>{e17a89f5-21a7-49e3-b9fe-5ebd712067ef}</UniqueIdentifier>
    </Filter>
    <Filter Include="CocosStartClasses">
      <UniqueIdentifier>{ce3e45ee-210b-495c-9107-38af0cd72c05}</UniqueIdentifier>
    </Filter>
    <Filter Include="Singletons">
      <UniqueIdentifier>{b8b344ce-3e2f-41df-a988-254394f68476}</UniqueIdentifier>
    </Filter>
    <Filter Include="Constants">
      <UniqueIdentifier>{51d90541-23ee-4391-aea4-56662411e0e5}</UniqueIdentifier>
    </Filter>
    <Filter Include="Factories">
      <UniqueIdentifier>{a3dbe40b-7841-4f54-b24e-9eb2e4782d82}</UniqueIdentifier>
    </Filter>
    <Filter Include="EventSystem">
      <UniqueIdentifier>{9ca80150-17e2-4522-8cf6-7bad9c94e314}</UniqueIdentifier>
    </Filter>
    <Filter Include="Models\GameLogic">
      <UniqueIdentifier>{46bdaa44-2361-4f5b-8724-7249d3cd8136}</UniqueIdentifier>
    </Filter>
    <Filter Include="Models\GameLogic\Systems">
      <UniqueIdentifier>{c9179ce4-693b-4139-8c63-4e36dd3f1875}</UniqueIdentifier>
    </Filter>
    <Filter Include="Models\VictoryConditions">
      <UniqueIdentifier>{c88f58fa-d68e-4760-be47-93dcdc51df03}</UniqueIdentifier>
    </Filter>
    <Filter Include="Models\Spells">
      <UniqueIdentifier>{aaa58bf2-39dc-47d0-92e6-4fa8c7783f2a}</UniqueIdentifier>
    </Filter>
    <Filter Include="Models\GameEvents">
      <UniqueIdentifier>{8daf41ff-e804-4cf2-a96e-6984f76f4347}</UniqueIdentifier>
    </Filter>
    <Filter Include="Factories\ScenesFactories">
      <UniqueIdentifier>{911dcd74-afde-4e96-9480-bedc7cb33206}</UniqueIdentifier>
    </Filter>
  </ItemGroup>
  <ItemGroup>
    <ClCompile Include="main.cpp">
      <Filter>win32</Filter>
    </ClCompile>
    <ClCompile Include="LoadingGameDataSource.cpp">
      <Filter>Models</Filter>
    </ClCompile>
    <ClCompile Include="..\Classes\AppDelegate.cpp">
      <Filter>CocosStartClasses</Filter>
    </ClCompile>
    <ClCompile Include="..\Classes\HelloWorldScene.cpp">
      <Filter>CocosStartClasses</Filter>
    </ClCompile>
    <ClCompile Include="DevelopersDataSource.cpp">
      <Filter>Models</Filter>
    </ClCompile>
    <ClCompile Include="RecordsDataSource.cpp">
      <Filter>Models</Filter>
    </ClCompile>
    <ClCompile Include="GameLevelsDataSource.cpp">
      <Filter>Models</Filter>
    </ClCompile>
    <ClCompile Include="PlayerSelectionDataSource.cpp">
      <Filter>Models</Filter>
    </ClCompile>
    <ClCompile Include="GameInitiator.cpp">
      <Filter>Controllers</Filter>
    </ClCompile>
    <ClCompile Include="ServiceLocator.cpp">
      <Filter>Singletons</Filter>
    </ClCompile>
    <ClCompile Include="GameViewElementsDataSource.cpp">
      <Filter>Models</Filter>
    </ClCompile>
    <ClCompile Include="GameGraphicsDataSource.cpp">
      <Filter>Models</Filter>
    </ClCompile>
    <ClCompile Include="GameSoundDataSource.cpp">
      <Filter>Models</Filter>
    </ClCompile>
    <ClCompile Include="GameTransitionsController.cpp">
      <Filter>Controllers</Filter>
    </ClCompile>
    <ClCompile Include="SceneGraphFactory.cpp">
      <Filter>Factories</Filter>
    </ClCompile>
    <ClCompile Include="ScenesTransitionsFactory.cpp">
      <Filter>Factories</Filter>
    </ClCompile>
    <ClCompile Include="CurrentPlayerDataSource.cpp">
      <Filter>Models</Filter>
    </ClCompile>
    <ClCompile Include="StartGameMenuDataSource.cpp">
      <Filter>Models</Filter>
    </ClCompile>
    <ClCompile Include="EventDispatcher.cpp">
      <Filter>EventSystem</Filter>
    </ClCompile>
    <ClCompile Include="GameLevelsMenuDataSource.cpp">
      <Filter>Models</Filter>
    </ClCompile>
    <ClCompile Include="PlayerScoreDataSource.cpp">
      <Filter>Models</Filter>
    </ClCompile>
    <ClCompile Include="PlayerInputController.cpp">
      <Filter>Controllers</Filter>
    </ClCompile>
    <ClCompile Include="GameBoard.cpp">
      <Filter>Models\GameLogic</Filter>
    </ClCompile>
    <ClCompile Include="GameEventsFactory.cpp">
      <Filter>Factories</Filter>
    </ClCompile>
    <ClCompile Include="GameVictoryFactory.cpp">
      <Filter>Factories</Filter>
    </ClCompile>
    <ClCompile Include="SpellsFactory.cpp">
      <Filter>Factories</Filter>
    </ClCompile>
    <ClCompile Include="TetrominosFactory.cpp">
      <Filter>Factories</Filter>
    </ClCompile>
    <ClCompile Include="GameDataFactory.cpp">
      <Filter>Factories</Filter>
    </ClCompile>
    <ClCompile Include="GamePlayersDatabase.cpp">
      <Filter>Models</Filter>
    </ClCompile>
    <ClCompile Include="GamePopUpsController.cpp">
      <Filter>Controllers</Filter>
    </ClCompile>
    <ClCompile Include="GameBoardViewDataSource.cpp">
      <Filter>Models</Filter>
    </ClCompile>
    <ClCompile Include="GameManager.cpp">
      <Filter>Models\GameLogic</Filter>
    </ClCompile>
    <ClCompile Include="CurrentDetailController.cpp">
      <Filter>Controllers</Filter>
    </ClCompile>
    <ClCompile Include="NewGameTetraminoDataSource.cpp">
      <Filter>Models</Filter>
    </ClCompile>
    <ClCompile Include="ActiveDetails.cpp">
      <Filter>Models\GameLogic</Filter>
    </ClCompile>
    <ClCompile Include="AiSystem.cpp">
      <Filter>Models\GameLogic\Systems</Filter>
    </ClCompile>
    <ClCompile Include="CollisionSystem.cpp">
      <Filter>Models\GameLogic\Systems</Filter>
    </ClCompile>
    <ClCompile Include="GameSystemInterface.cpp">
      <Filter>Models\GameLogic\Systems</Filter>
    </ClCompile>
    <ClCompile Include="MoveSystem.cpp">
      <Filter>Models\GameLogic\Systems</Filter>
    </ClCompile>
    <ClCompile Include="ScoreSystem.cpp">
      <Filter>Models\GameLogic\Systems</Filter>
    </ClCompile>
    <ClCompile Include="WinGameSystem.cpp">
      <Filter>Models\GameLogic\Systems</Filter>
    </ClCompile>
    <ClCompile Include="VictoryCondition.cpp">
      <Filter>Models\VictoryConditions</Filter>
    </ClCompile>
    <ClCompile Include="VictoryConditionViewDataSource.cpp">
      <Filter>Models</Filter>
    </ClCompile>
    <ClCompile Include="CurrentGameVictoryConditionDataSource.cpp">
      <Filter>Models</Filter>
    </ClCompile>
    <ClCompile Include="Tetramino.cpp">
      <Filter>Models\GameLogic</Filter>
    </ClCompile>
    <ClCompile Include="GameControllViewDataSource.cpp">
      <Filter>Models</Filter>
    </ClCompile>
    <ClCompile Include="SpellBox.cpp">
      <Filter>Models\Spells</Filter>
    </ClCompile>
    <ClCompile Include="SpellInterface.cpp">
      <Filter>Models\Spells</Filter>
    </ClCompile>
    <ClCompile Include="GameFlowController.cpp">
      <Filter>Controllers</Filter>
    </ClCompile>
    <ClCompile Include="GameEventInterface.cpp">
      <Filter>Models\GameEvents</Filter>
    </ClCompile>
    <ClCompile Include="GameEventsDataSource.cpp">
      <Filter>Models</Filter>
    </ClCompile>
    <ClCompile Include="EndGameController.cpp">
      <Filter>Controllers</Filter>
    </ClCompile>
    <ClCompile Include="EndGameDataSource.cpp">
      <Filter>Models</Filter>
    </ClCompile>
    <ClCompile Include="CurrentLevelAwardDataSource.cpp">
      <Filter>Models</Filter>
    </ClCompile>
    <ClCompile Include="DevelopersSceneFactory.cpp">
      <Filter>Factories\ScenesFactories</Filter>
    </ClCompile>
    <ClCompile Include="GameRecordsSceneFactory.cpp">
      <Filter>Factories\ScenesFactories</Filter>
    </ClCompile>
    <ClCompile Include="LoadingGameSceneFactory.cpp">
      <Filter>Factories\ScenesFactories</Filter>
    </ClCompile>
    <ClCompile Include="MainGameSceneFactory.cpp">
      <Filter>Factories\ScenesFactories</Filter>
    </ClCompile>
    <ClCompile Include="SelectGameLevelSceneFactory.cpp">
      <Filter>Factories\ScenesFactories</Filter>
    </ClCompile>
    <ClCompile Include="StartGameSceneFactory.cpp">
      <Filter>Factories\ScenesFactories</Filter>
    </ClCompile>
  </ItemGroup>
  <ItemGroup>
    <ClInclude Include="main.h">
      <Filter>win32</Filter>
    </ClInclude>
    <ClInclude Include="LoadingGameDataSource.h">
      <Filter>Models</Filter>
    </ClInclude>
    <ClInclude Include="..\Classes\AppDelegate.h">
      <Filter>CocosStartClasses</Filter>
    </ClInclude>
    <ClInclude Include="..\Classes\HelloWorldScene.h">
      <Filter>CocosStartClasses</Filter>
    </ClInclude>
    <ClInclude Include="DevelopersDataSource.h">
      <Filter>Models</Filter>
    </ClInclude>
    <ClInclude Include="RecordsDataSource.h">
      <Filter>Models</Filter>
    </ClInclude>
    <ClInclude Include="GameLevelsDataSource.h">
      <Filter>Models</Filter>
    </ClInclude>
    <ClInclude Include="PlayerSelectionDataSource.h">
      <Filter>Models</Filter>
    </ClInclude>
    <ClInclude Include="GameInitiator.h">
      <Filter>Controllers</Filter>
    </ClInclude>
    <ClInclude Include="ServiceLocator.h">
      <Filter>Singletons</Filter>
    </ClInclude>
    <ClInclude Include="GameViewElementsDataSource.h">
      <Filter>Models</Filter>
    </ClInclude>
    <ClInclude Include="GameGraphicsDataSource.h">
      <Filter>Models</Filter>
    </ClInclude>
    <ClInclude Include="GameSoundDataSource.h">
      <Filter>Models</Filter>
    </ClInclude>
    <ClInclude Include="GameTransitionsController.h">
      <Filter>Controllers</Filter>
    </ClInclude>
    <ClInclude Include="SceneGraphFactory.h">
      <Filter>Factories</Filter>
    </ClInclude>
    <ClInclude Include="ScenesTransitionsFactory.h">
      <Filter>Factories</Filter>
    </ClInclude>
    <ClInclude Include="CurrentPlayerDataSource.h">
      <Filter>Models</Filter>
    </ClInclude>
    <ClInclude Include="StartGameMenuDataSource.h">
      <Filter>Models</Filter>
    </ClInclude>
    <ClInclude Include="EventDispatcher.h">
      <Filter>EventSystem</Filter>
    </ClInclude>
    <ClInclude Include="GameLevelsMenuDataSource.h">
      <Filter>Models</Filter>
    </ClInclude>
    <ClInclude Include="PlayerScoreDataSource.h">
      <Filter>Models</Filter>
    </ClInclude>
    <ClInclude Include="PlayerInputController.h">
      <Filter>Controllers</Filter>
    </ClInclude>
    <ClInclude Include="GameBoard.h">
      <Filter>Models\GameLogic</Filter>
    </ClInclude>
    <ClInclude Include="GameEventsFactory.h">
      <Filter>Factories</Filter>
    </ClInclude>
    <ClInclude Include="GameVictoryFactory.h">
      <Filter>Factories</Filter>
    </ClInclude>
    <ClInclude Include="SpellsFactory.h">
      <Filter>Factories</Filter>
    </ClInclude>
    <ClInclude Include="TetrominosFactory.h">
      <Filter>Factories</Filter>
    </ClInclude>
    <ClInclude Include="GameEnums.h">
      <Filter>Constants</Filter>
    </ClInclude>
    <ClInclude Include="GameStructures.h">
      <Filter>Constants</Filter>
    </ClInclude>
    <ClInclude Include="GameDataFactory.h">
      <Filter>Factories</Filter>
    </ClInclude>
    <ClInclude Include="GamePlayersDatabase.h">
      <Filter>Models</Filter>
    </ClInclude>
    <ClInclude Include="EventHandlerInterface.h">
      <Filter>EventSystem</Filter>
    </ClInclude>
    <ClInclude Include="GamePopUpsController.h">
      <Filter>Controllers</Filter>
    </ClInclude>
    <ClInclude Include="GameBoardViewDataSource.h">
      <Filter>Models</Filter>
    </ClInclude>
    <ClInclude Include="GameManager.h">
      <Filter>Models\GameLogic</Filter>
    </ClInclude>
    <ClInclude Include="CurrentDetailController.h">
      <Filter>Controllers</Filter>
    </ClInclude>
    <ClInclude Include="NewGameTetraminoDataSource.h">
      <Filter>Models</Filter>
    </ClInclude>
    <ClInclude Include="ActiveDetails.h">
      <Filter>Models\GameLogic</Filter>
    </ClInclude>
    <ClInclude Include="AiSystem.h">
      <Filter>Models\GameLogic\Systems</Filter>
    </ClInclude>
    <ClInclude Include="CollisionSystem.h">
      <Filter>Models\GameLogic\Systems</Filter>
    </ClInclude>
    <ClInclude Include="GameSystemInterface.h">
      <Filter>Models\GameLogic\Systems</Filter>
    </ClInclude>
    <ClInclude Include="MoveSystem.h">
      <Filter>Models\GameLogic\Systems</Filter>
    </ClInclude>
    <ClInclude Include="ScoreSystem.h">
      <Filter>Models\GameLogic\Systems</Filter>
    </ClInclude>
    <ClInclude Include="WinGameSystem.h">
      <Filter>Models\GameLogic\Systems</Filter>
    </ClInclude>
    <ClInclude Include="VictoryCondition.h">
      <Filter>Models\VictoryConditions</Filter>
    </ClInclude>
    <ClInclude Include="VictoryConditionViewDataSource.h">
      <Filter>Models</Filter>
    </ClInclude>
    <ClInclude Include="CurrentGameVictoryConditionDataSource.h">
      <Filter>Models</Filter>
    </ClInclude>
    <ClInclude Include="Tetramino.h">
      <Filter>Models\GameLogic</Filter>
    </ClInclude>
    <ClInclude Include="GameControllViewDataSource.h">
      <Filter>Models</Filter>
    </ClInclude>
    <ClInclude Include="SpellBox.h">
      <Filter>Models\Spells</Filter>
    </ClInclude>
    <ClInclude Include="SpellInterface.h">
      <Filter>Models\Spells</Filter>
    </ClInclude>
    <ClInclude Include="GameFlowController.h">
      <Filter>Controllers</Filter>
    </ClInclude>
    <ClInclude Include="GameEventInterface.h">
      <Filter>Models\GameEvents</Filter>
    </ClInclude>
    <ClInclude Include="GameEventsDataSource.h">
      <Filter>Models</Filter>
    </ClInclude>
    <ClInclude Include="EndGameController.h">
      <Filter>Controllers</Filter>
    </ClInclude>
    <ClInclude Include="EndGameDataSource.h">
      <Filter>Models</Filter>
    </ClInclude>
    <ClInclude Include="CurrentLevelAwardDataSource.h">
      <Filter>Models</Filter>
    </ClInclude>
    <ClInclude Include="DevelopersSceneFactory.h">
      <Filter>Factories\ScenesFactories</Filter>
    </ClInclude>
    <ClInclude Include="GameRecordsSceneFactory.h">
      <Filter>Factories\ScenesFactories</Filter>
    </ClInclude>
    <ClInclude Include="LoadingGameSceneFactory.h">
      <Filter>Factories\ScenesFactories</Filter>
    </ClInclude>
    <ClInclude Include="MainGameSceneFactory.h">
      <Filter>Factories\ScenesFactories</Filter>
    </ClInclude>
    <ClInclude Include="SelectGameLevelSceneFactory.h">
      <Filter>Factories\ScenesFactories</Filter>
    </ClInclude>
    <ClInclude Include="StartGameSceneFactory.h">
      <Filter>Factories\ScenesFactories</Filter>
    </ClInclude>
  </ItemGroup>
  <ItemGroup>
    <ResourceCompile Include="game.rc">
      <Filter>resource</Filter>
    </ResourceCompile>
  </ItemGroup>
</Project>