<?xml version="1.0" encoding="utf-8"?>
<Project ToolsVersion="4.0" xmlns="http://schemas.microsoft.com/developer/msbuild/2003">
  <ItemGroup>
    <Filter Include="win32">
      <UniqueIdentifier>{84a8ebd7-7cf0-47f6-b75e-d441df67da40}</UniqueIdentifier>
    </Filter>
    <Filter Include="resource">
      <UniqueIdentifier>{715254bc-d70b-4ec5-bf29-467dd3ace079}</UniqueIdentifier>
    </Filter>
    <Filter Include="src">
      <UniqueIdentifier>{bb6c862e-70e9-49d9-81b7-3829a6f50471}</UniqueIdentifier>
    </Filter>
    <Filter Include="Views">
      <UniqueIdentifier>{f74156b7-6b77-4de5-9f41-b275329a7348}</UniqueIdentifier>
    </Filter>
    <Filter Include="Models">
      <UniqueIdentifier>{d8d055d0-6f5f-4f60-93f9-7d03a9080fe4}</UniqueIdentifier>
    </Filter>
    <Filter Include="Controllers">
      <UniqueIdentifier>{e17a89f5-21a7-49e3-b9fe-5ebd712067ef}</UniqueIdentifier>
    </Filter>
    <Filter Include="CocosStartClasses">
      <UniqueIdentifier>{ce3e45ee-210b-495c-9107-38af0cd72c05}</UniqueIdentifier>
    </Filter>
  </ItemGroup>
  <ItemGroup>
    <ClCompile Include="main.cpp">
      <Filter>win32</Filter>
    </ClCompile>
    <ClCompile Include="LoadingGameDataSource.cpp">
      <Filter>Models</Filter>
    </ClCompile>
    <ClCompile Include="GamePlayerDataSource.cpp">
      <Filter>Models</Filter>
    </ClCompile>
    <ClCompile Include="..\Classes\AppDelegate.cpp">
      <Filter>CocosStartClasses</Filter>
    </ClCompile>
    <ClCompile Include="..\Classes\HelloWorldScene.cpp">
      <Filter>CocosStartClasses</Filter>
    </ClCompile>
    <ClCompile Include="DevelopersDataSource.cpp">
      <Filter>Models</Filter>
    </ClCompile>
    <ClCompile Include="RecordsDataSource.cpp">
      <Filter>Models</Filter>
    </ClCompile>
  </ItemGroup>
  <ItemGroup>
    <ClInclude Include="main.h">
      <Filter>win32</Filter>
    </ClInclude>
    <ClInclude Include="LoadingGameDataSource.h">
      <Filter>Models</Filter>
    </ClInclude>
    <ClInclude Include="GamePlayerDataSource.h">
      <Filter>Models</Filter>
    </ClInclude>
    <ClInclude Include="..\Classes\AppDelegate.h">
      <Filter>CocosStartClasses</Filter>
    </ClInclude>
    <ClInclude Include="..\Classes\HelloWorldScene.h">
      <Filter>CocosStartClasses</Filter>
    </ClInclude>
    <ClInclude Include="DevelopersDataSource.h">
      <Filter>Models</Filter>
    </ClInclude>
    <ClInclude Include="RecordsDataSource.h">
      <Filter>Models</Filter>
    </ClInclude>
  </ItemGroup>
  <ItemGroup>
    <ResourceCompile Include="game.rc">
      <Filter>resource</Filter>
    </ResourceCompile>
  </ItemGroup>
</Project>